
Microsoft Visual Studio Solution File, Format Version 10.00
# Visual Studio 2008
Project("{8BC9CEB8-8B4A-11D0-8D11-00A0C91BC942}") = "JCTGame", "JCTGame\JCTGame.vcproj", "{03A28D35-44F4-43BF-8220-65DC1D2CE86A}"
	ProjectSection(ProjectDependencies) = postProject
		{F16AB989-2983-4C3E-B60A-17A24D59ADE8} = {F16AB989-2983-4C3E-B60A-17A24D59ADE8}
	EndProjectSection
EndProject
Project("{8BC9CEB8-8B4A-11D0-8D11-00A0C91BC942}") = "JCTGameEngine", "..\JCTGameEngine\JCTGameEngine\JCTGameEngine.vcproj", "{F16AB989-2983-4C3E-B60A-17A24D59ADE8}"
EndProject
Global
	GlobalSection(SolutionConfigurationPlatforms) = preSolution
		Debug|Win32 = Debug|Win32
		Release|Win32 = Release|Win32
	EndGlobalSection
	GlobalSection(ProjectConfigurationPlatforms) = postSolution
		{03A28D35-44F4-43BF-8220-65DC1D2CE86A}.Debug|Win32.ActiveCfg = Debug|Win32
		{03A28D35-44F4-43BF-8220-65DC1D2CE86A}.Debug|Win32.Build.0 = Debug|Win32
		{03A28D35-44F4-43BF-8220-65DC1D2CE86A}.Release|Win32.ActiveCfg = Release|Win32
		{03A28D35-44F4-43BF-8220-65DC1D2CE86A}.Release|Win32.Build.0 = Release|Win32
		{F16AB989-2983-4C3E-B60A-17A24D59ADE8}.Debug|Win32.ActiveCfg = Debug|Win32
		{F16AB989-2983-4C3E-B60A-17A24D59ADE8}.Debug|Win32.Build.0 = Debug|Win32
		{F16AB989-2983-4C3E-B60A-17A24D59ADE8}.Release|Win32.ActiveCfg = Release|Win32
		{F16AB989-2983-4C3E-B60A-17A24D59ADE8}.Release|Win32.Build.0 = Release|Win32
	EndGlobalSection
	GlobalSection(SolutionProperties) = preSolution
		HideSolutionNode = FALSE
	EndGlobalSection
EndGlobal
