
Microsoft Visual Studio Solution File, Format Version 11.00
# Visual Studio 2010
Project("{8BC9CEB8-8B4A-11D0-8D11-00A0C91BC942}") = "FallingSky", "FallingSky.vcxproj", "{8088B1C8-4878-4303-AB7E-92099A19A085}"
EndProject
Project("{8BC9CEB8-8B4A-11D0-8D11-00A0C91BC942}") = "JCTGameEngine", "..\JCTGameEngine\JCTGameEngine\JCTGameEngine.vcxproj", "{F16AB989-2983-4C3E-B60A-17A24D59ADE8}"
EndProject
Global
	GlobalSection(SolutionConfigurationPlatforms) = preSolution
		Debug|Win32 = Debug|Win32
		Release|Win32 = Release|Win32
	EndGlobalSection
	GlobalSection(ProjectConfigurationPlatforms) = postSolution
		{8088B1C8-4878-4303-AB7E-92099A19A085}.Debug|Win32.ActiveCfg = Debug|Win32
		{8088B1C8-4878-4303-AB7E-92099A19A085}.Debug|Win32.Build.0 = Debug|Win32
		{8088B1C8-4878-4303-AB7E-92099A19A085}.Release|Win32.ActiveCfg = Release|Win32
		{8088B1C8-4878-4303-AB7E-92099A19A085}.Release|Win32.Build.0 = Release|Win32
		{F16AB989-2983-4C3E-B60A-17A24D59ADE8}.Debug|Win32.ActiveCfg = Debug|Win32
		{F16AB989-2983-4C3E-B60A-17A24D59ADE8}.Debug|Win32.Build.0 = Debug|Win32
		{F16AB989-2983-4C3E-B60A-17A24D59ADE8}.Release|Win32.ActiveCfg = Release|Win32
		{F16AB989-2983-4C3E-B60A-17A24D59ADE8}.Release|Win32.Build.0 = Release|Win32
	EndGlobalSection
	GlobalSection(SolutionProperties) = preSolution
		HideSolutionNode = FALSE
	EndGlobalSection
EndGlobal
